
Microsoft Visual Studio Solution File, Format Version 10.00
# Visual Studio 2008
Project("{8BC9CEB8-8B4A-11D0-8D11-00A0C91BC942}") = "MulTLD", "MulTLD\MulTLD.vcproj", "{1BCF6FC2-E454-4847-94CA-D0E93F7DA264}"
EndProject
Global
	GlobalSection(SolutionConfigurationPlatforms) = preSolution
		Debug|Win32 = Debug|Win32
		Release|Win32 = Release|Win32
	EndGlobalSection
	GlobalSection(ProjectConfigurationPlatforms) = postSolution
		{1BCF6FC2-E454-4847-94CA-D0E93F7DA264}.Debug|Win32.ActiveCfg = Debug|Win32
		{1BCF6FC2-E454-4847-94CA-D0E93F7DA264}.Debug|Win32.Build.0 = Debug|Win32
		{1BCF6FC2-E454-4847-94CA-D0E93F7DA264}.Release|Win32.ActiveCfg = Release|Win32
		{1BCF6FC2-E454-4847-94CA-D0E93F7DA264}.Release|Win32.Build.0 = Release|Win32
	EndGlobalSection
	GlobalSection(SolutionProperties) = preSolution
		HideSolutionNode = FALSE
	EndGlobalSection
EndGlobal
